hash: f2e36773b0515674d0ba13fb517c5fef3b27749f592939bd35cdfc731876b98c
updated: 2017-06-26T22:46:46.95536484-05:00
imports:
- name: github.com/agtorre/gocolorize
  version: 99fea4bc9517f07eea8194702cb7076f4845b7de
- name: github.com/ashwanthkumar/slack-go-webhook
  version: 6ad6dc897cd56985263af58f0343b98b3d5c2678
- name: github.com/badoux/checkmail
  version: d0a759655d62bcdc95c50a0676f3e9702ed59453
- name: github.com/beatgammit/turnpike
  version: aaa21ce8fe51ce110e43204dc642e765e34e7611
- name: github.com/beefsack/go-rate
  version: de575b104f4218f4aebdc95ba56f61f38d0dad86
- name: github.com/beorn7/perks
  version: 4c0e84591b9aa9e6dcfdf3e020114cd81f89d5f9
  subpackages:
  - quantile
- name: github.com/boltdb/bolt
  version: e9cf4fae01b5a8ff89d0ec6b32f0d9c9f79aefdd
- name: github.com/bradfitz/gomemcache
  version: 1952afaa557dc08e8e0d89eafab110fb501c1a2b
  subpackages:
  - memcache
- name: github.com/dgrijalva/jwt-go
  version: a539ee1a749a2b895533f979515ac7e6e0f5b650
- name: github.com/DistributedSolutions/DIMWIT
  version: 3dfe9f9707b5bb21382ad2a2ceffc430b40a399d
  subpackages:
  - common/constants
  - common/primitives/random
- name: github.com/DistributedSolutions/twofactor
  version: 70189459dfeb9c4b243763440e51a29ad0452147
- name: github.com/eAndrius/bitfinex-go
  version: db231f4ccaf5cbde2cffca10740bff5e01eba35b
- name: github.com/garyburd/redigo
  version: 57f1cd7de6175c96b423e7ac2534ff2b39e2ef79
  subpackages:
  - internal
  - redis
- name: github.com/golang/protobuf
  version: 9f174c986221c608fb5143bd623b6076a71feae3
  subpackages:
  - proto
  - protoc-gen-go/descriptor
  - ptypes/any
- name: github.com/gorilla/websocket
  version: ea4d1f681babbce9545c9c5f3d5194a789c89f5b
- name: github.com/graarh/golang-socketio
  version: 2c44953b9b5fcd4da83ec8816f002ce68a12ef2d
  subpackages:
  - protocol
  - transport
- name: github.com/klauspost/compress
  version: f3dce52e0576655d55fd69e74b63da96ad1108f3
  subpackages:
  - flate
  - gzip
  - zlib
- name: github.com/klauspost/cpuid
  version: 09cded8978dc9e80714c4d85b0322337b0a1e5e0
- name: github.com/matttproud/golang_protobuf_extensions
  version: c12348ce28de40eed0136aa2b644d0ee0650e56c
  subpackages:
  - pbutil
- name: github.com/moul/http2curl
  version: 4e24498b31dba4683efb9d35c1c8a91e2eda28c8
- name: github.com/parnurzeal/gorequest
  version: 5bf13be198787abbed057fb7c4007f372083a0f5
- name: github.com/philhofer/fwd
  version: 1612a298117663d7bc9a760ae20d383413859798
- name: github.com/pkg/errors
  version: c605e284fe17294bda444b34710735b29d1a9d90
- name: github.com/prometheus/client_golang
  version: de4d4ffe63b9eff7f27484fdef6e421597e6abb4
  subpackages:
  - prometheus
- name: github.com/prometheus/client_model
  version: 6f3806018612930941127f2a7c6c453ba2c527d2
  subpackages:
  - go
- name: github.com/prometheus/common
  version: 0866df4b85a18d652b6965be022d007cdf076822
  subpackages:
  - expfmt
  - internal/bitbucket.org/ww/goautoneg
  - model
- name: github.com/prometheus/procfs
  version: 822d4a1f8edcbcbc71e8d1fd6527b12331a6d0ad
  subpackages:
  - xfs
- name: github.com/revel/config
  version: 662332b741dd464a886ab0901379c02b9bc5dc30
- name: github.com/revel/modules
  version: 209cc8b2b7ed93a55067bc0db97707b1432e49c4
  subpackages:
  - static/app/controllers
  - testrunner/app
  - testrunner/app/controllers
- name: github.com/revel/revel
  version: 8b511737be1349346965fddaf7c107017c0c1b9a
  subpackages:
  - cache
  - testing
- name: github.com/robfig/go-cache
  version: 9fc39e0dbf62c034ec4e45e6120fc69433a3ec51
- name: github.com/robfig/pathtree
  version: 41257a1839e945fce74afd070e02bab2ea2c776a
- name: github.com/sec51/convert
  version: 8ed1f399b5e0a9a9620c74cfd5aec3682d8328ab
  subpackages:
  - bigendian
  - smallendian
- name: github.com/sec51/cryptoengine
  version: 11617a465c082a1e82359b3c059f018f8dcbfc93
- name: github.com/sec51/gf256
  version: 2454accbeb9e6b0e2e53b01e1d641c7157251ed4
- name: github.com/sec51/qrcode
  version: b7779abbcaf1ec4de65f586a85fe24db31d45e7c
  subpackages:
  - coding
- name: github.com/SermoDigital/jose
  version: 2bd9b81ac51d6d6134fcd4fd846bd2e7347a15f9
  subpackages:
  - crypto
  - jws
  - jwt
- name: github.com/sirupsen/logrus
  version: 3d4380f53a34dcdc95f0c1db702615992b38d9a4
- name: github.com/streamrail/concurrent-map
  version: 8bf1e9bacbf65b10c81d0f4314cf2b1ebef728b5
- name: github.com/tinylib/msgp
  version: 02d047e07459c5a7b02b1244161d0f2f6d8f660d
  subpackages:
  - msgp
- name: github.com/ugorji/go
  version: 5efa3251c7f7d05e5d9704a69a984ec9f1386a40
  subpackages:
  - codec
- name: go.uber.org/ratelimit
  version: d15fa2e2a63dd52104bc96d8ea7dc47ce8027de8
  subpackages:
  - internal/clock
- name: golang.org/x/crypto
  version: beef0f4390813b96e8e68fd78570396d0f4751fc
  subpackages:
  - curve25519
  - hkdf
  - nacl/box
  - nacl/secretbox
  - poly1305
  - salsa20/salsa
- name: golang.org/x/net
  version: 48359f4f600b3a2d5cf657458e3f940021631a56
  subpackages:
  - context
  - http2
  - http2/hpack
  - idna
  - internal/timeseries
  - lex/httplex
  - publicsuffix
  - trace
  - websocket
- name: golang.org/x/sys
  version: 7a6e5648d140666db5d920909e082ca00a87ba2c
  subpackages:
  - unix
- name: golang.org/x/text
  version: 4e9ab9ee170f2a39bd66c92b3e0a47ff47a4bc77
  subpackages:
  - secure/bidirule
  - transform
  - unicode/bidi
  - unicode/norm
- name: google.golang.org/genproto
  version: aa2eb687b4d3e17154372564ad8d6bf11c3cf21f
  subpackages:
  - googleapis/rpc/status
- name: google.golang.org/grpc
  version: 2739967807cc0e3199513569f58fda34252ad65e
  subpackages:
  - codes
  - credentials
  - grpclb/grpc_lb_v1
  - grpclog
  - internal
  - keepalive
  - metadata
  - naming
  - peer
  - reflection
  - reflection/grpc_reflection_v1alpha
  - stats
  - status
  - tap
  - transport
- name: gopkg.in/fsnotify.v1
  version: 629574ca2a5df945712d3079857300b5e4da0236
- name: github.com/globalsign/mgo
  version: 3f83fa5005286a7fe593b055f0d7771a7dce4655
  subpackages:
  - bson
  - internal/json
  - internal/sasl
  - internal/scram
testImports:
- name: github.com/leanovate/gopter
  version: 9e6101e5a87586b269acf3d0d61f363e4317309f
  subpackages:
  - gen
  - prop
