hash: c1a7574bb8e797a4913af5b8794251fc5034316fd523e6a2e7cb316da591e41d
updated: 2017-06-14T21:27:57.329075604-05:00
imports:
- name: github.com/agtorre/gocolorize
  version: 99fea4bc9517f07eea8194702cb7076f4845b7de
- name: github.com/badoux/checkmail
  version: d0a759655d62bcdc95c50a0676f3e9702ed59453
- name: github.com/beorn7/perks
  version: 4c0e84591b9aa9e6dcfdf3e020114cd81f89d5f9
  subpackages:
  - quantile
- name: github.com/boltdb/bolt
  version: e9cf4fae01b5a8ff89d0ec6b32f0d9c9f79aefdd
- name: github.com/bradfitz/gomemcache
  version: 1952afaa557dc08e8e0d89eafab110fb501c1a2b
  subpackages:
  - memcache
- name: github.com/dgrijalva/jwt-go
  version: a539ee1a749a2b895533f979515ac7e6e0f5b650
- name: github.com/DistributedSolutions/DIMWIT
  version: 3dfe9f9707b5bb21382ad2a2ceffc430b40a399d
  subpackages:
  - common/constants
  - common/primitives/random
- name: github.com/DistributedSolutions/twofactor
  version: 70189459dfeb9c4b243763440e51a29ad0452147
- name: github.com/garyburd/redigo
  version: 95d11dba2d44531bdb8022752b98912baafae03a
  subpackages:
  - internal
  - redis
- name: github.com/golang/protobuf
  version: 9f174c986221c608fb5143bd623b6076a71feae3
  subpackages:
  - proto
  - protoc-gen-go/descriptor
  - ptypes/any
- name: github.com/gorilla/websocket
  version: a91eba7f97777409bc2c443f5534d41dd20c5720
- name: github.com/graarh/golang-socketio
  version: 2c44953b9b5fcd4da83ec8816f002ce68a12ef2d
  subpackages:
  - protocol
  - transport
- name: github.com/klauspost/compress
  version: f3dce52e0576655d55fd69e74b63da96ad1108f3
  subpackages:
  - flate
  - gzip
  - zlib
- name: github.com/klauspost/cpuid
  version: 09cded8978dc9e80714c4d85b0322337b0a1e5e0
- name: github.com/matttproud/golang_protobuf_extensions
  version: c12348ce28de40eed0136aa2b644d0ee0650e56c
  subpackages:
  - pbutil
- name: github.com/philhofer/fwd
  version: 98c11a7a6ec829d672b03833c3d69a7fae1ca972
- name: github.com/prometheus/client_golang
  version: c5b7fccd204277076155f10851dad72b76a49317
  subpackages:
  - prometheus
- name: github.com/prometheus/client_model
  version: fa8ad6fec33561be4280a8f0514318c79d7f6cb6
  subpackages:
  - go
- name: github.com/prometheus/common
  version: 616e90af75cc300730196d04f3676f838d70414f
  subpackages:
  - expfmt
  - internal/bitbucket.org/ww/goautoneg
  - model
- name: github.com/prometheus/procfs
  version: abf152e5f3e97f2fafac028d2cc06c1feb87ffa5
- name: github.com/revel/config
  version: 662332b741dd464a886ab0901379c02b9bc5dc30
- name: github.com/revel/modules
  version: c55b6f7e4a14f79cbe4987d1f0bf1895d33177ad
  subpackages:
  - static/app/controllers
  - testrunner/app
  - testrunner/app/controllers
- name: github.com/revel/revel
  version: 880eaf4227081e0e9b11a29d93b7569184cf6a1c
  subpackages:
  - cache
  - testing
- name: github.com/robfig/go-cache
  version: 9fc39e0dbf62c034ec4e45e6120fc69433a3ec51
- name: github.com/robfig/pathtree
  version: 41257a1839e945fce74afd070e02bab2ea2c776a
- name: github.com/sec51/convert
  version: 8ed1f399b5e0a9a9620c74cfd5aec3682d8328ab
  subpackages:
  - bigendian
  - smallendian
- name: github.com/sec51/cryptoengine
  version: 11617a465c082a1e82359b3c059f018f8dcbfc93
- name: github.com/sec51/gf256
  version: 2454accbeb9e6b0e2e53b01e1d641c7157251ed4
- name: github.com/sec51/qrcode
  version: b7779abbcaf1ec4de65f586a85fe24db31d45e7c
  subpackages:
  - coding
- name: github.com/SermoDigital/jose
  version: 2bd9b81ac51d6d6134fcd4fd846bd2e7347a15f9
  subpackages:
  - crypto
  - jws
  - jwt
- name: github.com/sirupsen/logrus
  version: 85b1699d505667d13f8ac4478c1debbf85d6c5de
- name: github.com/tinylib/msgp
  version: 02d047e07459c5a7b02b1244161d0f2f6d8f660d
  subpackages:
  - msgp
- name: go.uber.org/ratelimit
  version: d15fa2e2a63dd52104bc96d8ea7dc47ce8027de8
  subpackages:
  - internal/clock
- name: golang.org/x/crypto
  version: beef0f4390813b96e8e68fd78570396d0f4751fc
  subpackages:
  - curve25519
  - hkdf
  - nacl/box
  - nacl/secretbox
  - poly1305
  - salsa20/salsa
- name: golang.org/x/net
  version: 48359f4f600b3a2d5cf657458e3f940021631a56
  subpackages:
  - context
  - http2
  - http2/hpack
  - idna
  - internal/timeseries
  - lex/httplex
  - trace
  - websocket
- name: golang.org/x/sys
  version: 7a6e5648d140666db5d920909e082ca00a87ba2c
  subpackages:
  - unix
- name: golang.org/x/text
  version: 3491b61b9edc56653ad4333e605e2908e46a036b
  subpackages:
  - secure/bidirule
  - transform
  - unicode/bidi
  - unicode/norm
- name: google.golang.org/genproto
  version: aa2eb687b4d3e17154372564ad8d6bf11c3cf21f
  subpackages:
  - googleapis/rpc/status
- name: google.golang.org/grpc
  version: 2739967807cc0e3199513569f58fda34252ad65e
  subpackages:
  - codes
  - credentials
  - grpclb/grpc_lb_v1
  - grpclog
  - internal
  - keepalive
  - metadata
  - naming
  - peer
  - reflection
  - reflection/grpc_reflection_v1alpha
  - stats
  - status
  - tap
  - transport
- name: gopkg.in/fsnotify.v1
  version: 629574ca2a5df945712d3079857300b5e4da0236
testImports:
- name: github.com/leanovate/gopter
  version: 9e6101e5a87586b269acf3d0d61f363e4317309f
  subpackages:
  - gen
  - prop
